
Microsoft Visual Studio Solution File, Format Version 12.00
# Visual Studio Version 17
VisualStudioVersion = 17.3.32901.215
MinimumVisualStudioVersion = 10.0.40219.1
Project("{FAE04EC0-301F-11D3-BF4B-00C04F79EFBC}") = "Kata.Console", "ConsoleApp1\Kata.Console.csproj", "{8E895335-9F29-431C-AC7F-347D5A7E7BF9}"
EndProject
Project("{FAE04EC0-301F-11D3-BF4B-00C04F79EFBC}") = "Kata.Tests", "Kata.Tests\Kata.Tests.csproj", "{41785D25-F8A4-4A5A-8D3F-70E00FDCB00A}"
EndProject
Global
	GlobalSection(SolutionConfigurationPlatforms) = preSolution
		Debug|Any CPU = Debug|Any CPU
		Release|Any CPU = Release|Any CPU
	EndGlobalSection
	GlobalSection(ProjectConfigurationPlatforms) = postSolution
		{8E895335-9F29-431C-AC7F-347D5A7E7BF9}.Debug|Any CPU.ActiveCfg = Debug|Any CPU
		{8E895335-9F29-431C-AC7F-347D5A7E7BF9}.Debug|Any CPU.Build.0 = Debug|Any CPU
		{8E895335-9F29-431C-AC7F-347D5A7E7BF9}.Release|Any CPU.ActiveCfg = Release|Any CPU
		{8E895335-9F29-431C-AC7F-347D5A7E7BF9}.Release|Any CPU.Build.0 = Release|Any CPU
		{41785D25-F8A4-4A5A-8D3F-70E00FDCB00A}.Debug|Any CPU.ActiveCfg = Debug|Any CPU
		{41785D25-F8A4-4A5A-8D3F-70E00FDCB00A}.Debug|Any CPU.Build.0 = Debug|Any CPU
		{41785D25-F8A4-4A5A-8D3F-70E00FDCB00A}.Release|Any CPU.ActiveCfg = Release|Any CPU
		{41785D25-F8A4-4A5A-8D3F-70E00FDCB00A}.Release|Any CPU.Build.0 = Release|Any CPU
	EndGlobalSection
	GlobalSection(SolutionProperties) = preSolution
		HideSolutionNode = FALSE
	EndGlobalSection
	GlobalSection(ExtensibilityGlobals) = postSolution
		SolutionGuid = {B65E3930-0CE8-48CA-A4B4-42F49C0E70F7}
	EndGlobalSection
EndGlobal
